// !$*UTF8*$!
{
	archiveVersion = 1;
	classes = {
	};
	objectVersion = 48;
	objects = {

/* Begin PBXBuildFile section */
		203CD1E01F9043EF001C920B /* Keyboard.xcassets in Resources */ = {isa = PBXBuildFile; fileRef = 203CD1DF1F9043EF001C920B /* Keyboard.xcassets */; };
		203CD1E21F904924001C920B /* buttons.plist in Resources */ = {isa = PBXBuildFile; fileRef = 203CD1E11F904924001C920B /* buttons.plist */; };
		20E5DC451F86707F00C1BC78 /* AppDelegate.swift in Sources */ = {isa = PBXBuildFile; fileRef = 20E5DC441F86707F00C1BC78 /* AppDelegate.swift */; };
		20E5DC471F86707F00C1BC78 /* ViewController.swift in Sources */ = {isa = PBXBuildFile; fileRef = 20E5DC461F86707F00C1BC78 /* ViewController.swift */; };
		20E5DC4A1F86707F00C1BC78 /* Main.storyboard in Resources */ = {isa = PBXBuildFile; fileRef = 20E5DC481F86707F00C1BC78 /* Main.storyboard */; };
		20E5DC4C1F86707F00C1BC78 /* Assets.xcassets in Resources */ = {isa = PBXBuildFile; fileRef = 20E5DC4B1F86707F00C1BC78 /* Assets.xcassets */; };
		20E5DC4F1F86707F00C1BC78 /* LaunchScreen.storyboard in Resources */ = {isa = PBXBuildFile; fileRef = 20E5DC4D1F86707F00C1BC78 /* LaunchScreen.storyboard */; };
		20E5DC5D1F867AE500C1BC78 /* KeyboardViewController.swift in Sources */ = {isa = PBXBuildFile; fileRef = 20E5DC5C1F867AE500C1BC78 /* KeyboardViewController.swift */; };
		20E5DC611F867AE500C1BC78 /* CoderKeyboard.appex in Embed App Extensions */ = {isa = PBXBuildFile; fileRef = 20E5DC5A1F867AE500C1BC78 /* CoderKeyboard.appex */; settings = {ATTRIBUTES = (RemoveHeadersOnCopy, ); }; };
		20E612DD1F8B3736006D0EC7 /* Montserrat-Regular.otf in Resources */ = {isa = PBXBuildFile; fileRef = 208BDA341F8A066900E326AD /* Montserrat-Regular.otf */; };
		20E612DE1F8B3737006D0EC7 /* Montserrat-Regular.otf in Resources */ = {isa = PBXBuildFile; fileRef = 208BDA341F8A066900E326AD /* Montserrat-Regular.otf */; };
/* End PBXBuildFile section */

/* Begin PBXContainerItemProxy section */
		20E5DC5F1F867AE500C1BC78 /* PBXContainerItemProxy */ = {
			isa = PBXContainerItemProxy;
			containerPortal = 20E5DC391F86707F00C1BC78 /* Project object */;
			proxyType = 1;
			remoteGlobalIDString = 20E5DC591F867AE500C1BC78;
			remoteInfo = CoderKeyboard;
		};
/* End PBXContainerItemProxy section */

/* Begin PBXCopyFilesBuildPhase section */
		20E5DC651F867AE500C1BC78 /* Embed App Extensions */ = {
			isa = PBXCopyFilesBuildPhase;
			buildActionMask = 2147483647;
			dstPath = "";
			dstSubfolderSpec = 13;
			files = (
				20E5DC611F867AE500C1BC78 /* CoderKeyboard.appex in Embed App Extensions */,
			);
			name = "Embed App Extensions";
			runOnlyForDeploymentPostprocessing = 0;
		};
/* End PBXCopyFilesBuildPhase section */

/* Begin PBXFileReference section */
		201E62351F89C93300950112 /* CoderKeyboard-Devslopes.entitlements */ = {isa = PBXFileReference; lastKnownFileType = text.plist.entitlements; path = "CoderKeyboard-Devslopes.entitlements"; sourceTree = "<group>"; };
		201E62361F89C99A00950112 /* CoderKeyboard.entitlements */ = {isa = PBXFileReference; lastKnownFileType = text.plist.entitlements; path = CoderKeyboard.entitlements; sourceTree = "<group>"; };
		203CD1DF1F9043EF001C920B /* Keyboard.xcassets */ = {isa = PBXFileReference; lastKnownFileType = folder.assetcatalog; path = Keyboard.xcassets; sourceTree = "<group>"; };
		203CD1E11F904924001C920B /* buttons.plist */ = {isa = PBXFileReference; lastKnownFileType = text.plist.xml; path = buttons.plist; sourceTree = "<group>"; };
		208BDA341F8A066900E326AD /* Montserrat-Regular.otf */ = {isa = PBXFileReference; lastKnownFileType = file; path = "Montserrat-Regular.otf"; sourceTree = "<group>"; };
		20E5DC411F86707F00C1BC78 /* CoderKeyboard-Devslopes.app */ = {isa = PBXFileReference; explicitFileType = wrapper.application; includeInIndex = 0; path = "CoderKeyboard-Devslopes.app"; sourceTree = BUILT_PRODUCTS_DIR; };
		20E5DC441F86707F00C1BC78 /* AppDelegate.swift */ = {isa = PBXFileReference; lastKnownFileType = sourcecode.swift; path = AppDelegate.swift; sourceTree = "<group>"; };
		20E5DC461F86707F00C1BC78 /* ViewController.swift */ = {isa = PBXFileReference; lastKnownFileType = sourcecode.swift; path = ViewController.swift; sourceTree = "<group>"; };
		20E5DC491F86707F00C1BC78 /* Base */ = {isa = PBXFileReference; lastKnownFileType = file.storyboard; name = Base; path = Base.lproj/Main.storyboard; sourceTree = "<group>"; };
		20E5DC4B1F86707F00C1BC78 /* Assets.xcassets */ = {isa = PBXFileReference; lastKnownFileType = folder.assetcatalog; path = Assets.xcassets; sourceTree = "<group>"; };
		20E5DC4E1F86707F00C1BC78 /* Base */ = {isa = PBXFileReference; lastKnownFileType = file.storyboard; name = Base; path = Base.lproj/LaunchScreen.storyboard; sourceTree = "<group>"; };
		20E5DC501F86707F00C1BC78 /* Info.plist */ = {isa = PBXFileReference; lastKnownFileType = text.plist.xml; path = Info.plist; sourceTree = "<group>"; };
		20E5DC5A1F867AE500C1BC78 /* CoderKeyboard.appex */ = {isa = PBXFileReference; explicitFileType = "wrapper.app-extension"; includeInIndex = 0; path = CoderKeyboard.appex; sourceTree = BUILT_PRODUCTS_DIR; };
		20E5DC5C1F867AE500C1BC78 /* KeyboardViewController.swift */ = {isa = PBXFileReference; lastKnownFileType = sourcecode.swift; path = KeyboardViewController.swift; sourceTree = "<group>"; };
		20E5DC5E1F867AE500C1BC78 /* Info.plist */ = {isa = PBXFileReference; lastKnownFileType = text.plist.xml; path = Info.plist; sourceTree = "<group>"; };
/* End PBXFileReference section */

/* Begin PBXFrameworksBuildPhase section */
		20E5DC3E1F86707F00C1BC78 /* Frameworks */ = {
			isa = PBXFrameworksBuildPhase;
			buildActionMask = 2147483647;
			files = (
			);
			runOnlyForDeploymentPostprocessing = 0;
		};
		20E5DC571F867AE500C1BC78 /* Frameworks */ = {
			isa = PBXFrameworksBuildPhase;
			buildActionMask = 2147483647;
			files = (
			);
			runOnlyForDeploymentPostprocessing = 0;
		};
/* End PBXFrameworksBuildPhase section */

/* Begin PBXGroup section */
		208BDA331F8A063F00E326AD /* Resources */ = {
			isa = PBXGroup;
			children = (
				208BDA341F8A066900E326AD /* Montserrat-Regular.otf */,
			);
			path = Resources;
			sourceTree = "<group>";
		};
		20E5DC381F86707F00C1BC78 = {
			isa = PBXGroup;
			children = (
				208BDA331F8A063F00E326AD /* Resources */,
				20E5DC431F86707F00C1BC78 /* CoderKeyboard-Devslopes */,
				20E5DC5B1F867AE500C1BC78 /* CoderKeyboard */,
				20E5DC421F86707F00C1BC78 /* Products */,
			);
			sourceTree = "<group>";
		};
		20E5DC421F86707F00C1BC78 /* Products */ = {
			isa = PBXGroup;
			children = (
				20E5DC411F86707F00C1BC78 /* CoderKeyboard-Devslopes.app */,
				20E5DC5A1F867AE500C1BC78 /* CoderKeyboard.appex */,
			);
			name = Products;
			sourceTree = "<group>";
		};
		20E5DC431F86707F00C1BC78 /* CoderKeyboard-Devslopes */ = {
			isa = PBXGroup;
			children = (
				201E62351F89C93300950112 /* CoderKeyboard-Devslopes.entitlements */,
				20E5DC441F86707F00C1BC78 /* AppDelegate.swift */,
				20E5DC461F86707F00C1BC78 /* ViewController.swift */,
				20E5DC481F86707F00C1BC78 /* Main.storyboard */,
				20E5DC4B1F86707F00C1BC78 /* Assets.xcassets */,
				20E5DC4D1F86707F00C1BC78 /* LaunchScreen.storyboard */,
				20E5DC501F86707F00C1BC78 /* Info.plist */,
			);
			path = "CoderKeyboard-Devslopes";
			sourceTree = "<group>";
		};
		20E5DC5B1F867AE500C1BC78 /* CoderKeyboard */ = {
			isa = PBXGroup;
			children = (
				201E62361F89C99A00950112 /* CoderKeyboard.entitlements */,
				20E5DC5C1F867AE500C1BC78 /* KeyboardViewController.swift */,
				20E5DC5E1F867AE500C1BC78 /* Info.plist */,
				203CD1DF1F9043EF001C920B /* Keyboard.xcassets */,
				203CD1E11F904924001C920B /* buttons.plist */,
			);
			path = CoderKeyboard;
			sourceTree = "<group>";
		};
/* End PBXGroup section */

/* Begin PBXNativeTarget section */
		20E5DC401F86707F00C1BC78 /* CoderKeyboard-Devslopes */ = {
			isa = PBXNativeTarget;
			buildConfigurationList = 20E5DC531F86707F00C1BC78 /* Build configuration list for PBXNativeTarget "CoderKeyboard-Devslopes" */;
			buildPhases = (
				20E5DC3D1F86707F00C1BC78 /* Sources */,
				20E5DC3E1F86707F00C1BC78 /* Frameworks */,
				20E5DC3F1F86707F00C1BC78 /* Resources */,
				20E5DC651F867AE500C1BC78 /* Embed App Extensions */,
			);
			buildRules = (
			);
			dependencies = (
				20E5DC601F867AE500C1BC78 /* PBXTargetDependency */,
			);
			name = "CoderKeyboard-Devslopes";
			productName = "CoderKeyboard-Devslopes";
			productReference = 20E5DC411F86707F00C1BC78 /* CoderKeyboard-Devslopes.app */;
			productType = "com.apple.product-type.application";
		};
		20E5DC591F867AE500C1BC78 /* CoderKeyboard */ = {
			isa = PBXNativeTarget;
			buildConfigurationList = 20E5DC621F867AE500C1BC78 /* Build configuration list for PBXNativeTarget "CoderKeyboard" */;
			buildPhases = (
				20E5DC561F867AE500C1BC78 /* Sources */,
				20E5DC571F867AE500C1BC78 /* Frameworks */,
				20E5DC581F867AE500C1BC78 /* Resources */,
			);
			buildRules = (
			);
			dependencies = (
			);
			name = CoderKeyboard;
			productName = CoderKeyboard;
			productReference = 20E5DC5A1F867AE500C1BC78 /* CoderKeyboard.appex */;
			productType = "com.apple.product-type.app-extension";
		};
/* End PBXNativeTarget section */

/* Begin PBXProject section */
		20E5DC391F86707F00C1BC78 /* Project object */ = {
			isa = PBXProject;
			attributes = {
				LastSwiftUpdateCheck = 0900;
				LastUpgradeCheck = 0900;
				ORGANIZATIONNAME = "Stuart Hoffman";
				TargetAttributes = {
					20E5DC401F86707F00C1BC78 = {
						CreatedOnToolsVersion = 9.0;
						ProvisioningStyle = Automatic;
						SystemCapabilities = {
							com.apple.ApplicationGroups.iOS = {
								enabled = 1;
							};
						};
					};
					20E5DC591F867AE500C1BC78 = {
						CreatedOnToolsVersion = 9.0;
						ProvisioningStyle = Automatic;
						SystemCapabilities = {
							com.apple.ApplicationGroups.iOS = {
								enabled = 1;
							};
						};
					};
				};
			};
			buildConfigurationList = 20E5DC3C1F86707F00C1BC78 /* Build configuration list for PBXProject "CoderKeyboard-Devslopes" */;
			compatibilityVersion = "Xcode 8.0";
			developmentRegion = en;
			hasScannedForEncodings = 0;
			knownRegions = (
				en,
				Base,
			);
			mainGroup = 20E5DC381F86707F00C1BC78;
			productRefGroup = 20E5DC421F86707F00C1BC78 /* Products */;
			projectDirPath = "";
			projectRoot = "";
			targets = (
				20E5DC401F86707F00C1BC78 /* CoderKeyboard-Devslopes */,
				20E5DC591F867AE500C1BC78 /* CoderKeyboard */,
			);
		};
/* End PBXProject section */

/* Begin PBXResourcesBuildPhase section */
		20E5DC3F1F86707F00C1BC78 /* Resources */ = {
			isa = PBXResourcesBuildPhase;
			buildActionMask = 2147483647;
			files = (
				20E5DC4F1F86707F00C1BC78 /* LaunchScreen.storyboard in Resources */,
				20E5DC4C1F86707F00C1BC78 /* Assets.xcassets in Resources */,
				20E5DC4A1F86707F00C1BC78 /* Main.storyboard in Resources */,
				20E612DD1F8B3736006D0EC7 /* Montserrat-Regular.otf in Resources */,
			);
			runOnlyForDeploymentPostprocessing = 0;
		};
		20E5DC581F867AE500C1BC78 /* Resources */ = {
			isa = PBXResourcesBuildPhase;
			buildActionMask = 2147483647;
			files = (
				203CD1E01F9043EF001C920B /* Keyboard.xcassets in Resources */,
				203CD1E21F904924001C920B /* buttons.plist in Resources */,
				20E612DE1F8B3737006D0EC7 /* Montserrat-Regular.otf in Resources */,
			);
			runOnlyForDeploymentPostprocessing = 0;
		};
/* End PBXResourcesBuildPhase section */

/* Begin PBXSourcesBuildPhase section */
		20E5DC3D1F86707F00C1BC78 /* Sources */ = {
			isa = PBXSourcesBuildPhase;
			buildActionMask = 2147483647;
			files = (
				20E5DC471F86707F00C1BC78 /* ViewController.swift in Sources */,
				20E5DC451F86707F00C1BC78 /* AppDelegate.swift in Sources */,
			);
			runOnlyForDeploymentPostprocessing = 0;
		};
		20E5DC561F867AE500C1BC78 /* Sources */ = {
			isa = PBXSourcesBuildPhase;
			buildActionMask = 2147483647;
			files = (
				20E5DC5D1F867AE500C1BC78 /* KeyboardViewController.swift in Sources */,
			);
			runOnlyForDeploymentPostprocessing = 0;
		};
/* End PBXSourcesBuildPhase section */

/* Begin PBXTargetDependency section */
		20E5DC601F867AE500C1BC78 /* PBXTargetDependency */ = {
			isa = PBXTargetDependency;
			target = 20E5DC591F867AE500C1BC78 /* CoderKeyboard */;
			targetProxy = 20E5DC5F1F867AE500C1BC78 /* PBXContainerItemProxy */;
		};
/* End PBXTargetDependency section */

/* Begin PBXVariantGroup section */
		20E5DC481F86707F00C1BC78 /* Main.storyboard */ = {
			isa = PBXVariantGroup;
			children = (
				20E5DC491F86707F00C1BC78 /* Base */,
			);
			name = Main.storyboard;
			sourceTree = "<group>";
		};
		20E5DC4D1F86707F00C1BC78 /* LaunchScreen.storyboard */ = {
			isa = PBXVariantGroup;
			children = (
				20E5DC4E1F86707F00C1BC78 /* Base */,
			);
			name = LaunchScreen.storyboard;
			sourceTree = "<group>";
		};
/* End PBXVariantGroup section */

/* Begin XCBuildConfiguration section */
		20E5DC511F86707F00C1BC78 /* Debug */ = {
			isa = XCBuildConfiguration;
			buildSettings = {
				ALWAYS_SEARCH_USER_PATHS = NO;
				CLANG_ANALYZER_NONNULL = YES;
				CLANG_ANALYZER_NUMBER_OBJECT_CONVERSION = YES_AGGRESSIVE;
				CLANG_CXX_LANGUAGE_STANDARD = "gnu++14";
				CLANG_CXX_LIBRARY = "libc++";
				CLANG_ENABLE_MODULES = YES;
				CLANG_ENABLE_OBJC_ARC = YES;
				CLANG_WARN_BLOCK_CAPTURE_AUTORELEASING = YES;
				CLANG_WARN_BOOL_CONVERSION = YES;
				CLANG_WARN_COMMA = YES;
				CLANG_WARN_CONSTANT_CONVERSION = YES;
				CLANG_WARN_DIRECT_OBJC_ISA_USAGE = YES_ERROR;
				CLANG_WARN_DOCUMENTATION_COMMENTS = YES;
				CLANG_WARN_EMPTY_BODY = YES;
				CLANG_WARN_ENUM_CONVERSION = YES;
				CLANG_WARN_INFINITE_RECURSION = YES;
				CLANG_WARN_INT_CONVERSION = YES;
				CLANG_WARN_NON_LITERAL_NULL_CONVERSION = YES;
				CLANG_WARN_OBJC_LITERAL_CONVERSION = YES;
				CLANG_WARN_OBJC_ROOT_CLASS = YES_ERROR;
				CLANG_WARN_RANGE_LOOP_ANALYSIS = YES;
				CLANG_WARN_STRICT_PROTOTYPES = YES;
				CLANG_WARN_SUSPICIOUS_MOVE = YES;
				CLANG_WARN_UNGUARDED_AVAILABILITY = YES_AGGRESSIVE;
				CLANG_WARN_UNREACHABLE_CODE = YES;
				CLANG_WARN__DUPLICATE_METHOD_MATCH = YES;
				CODE_SIGN_IDENTITY = "iPhone Developer";
				COPY_PHASE_STRIP = NO;
				DEBUG_INFORMATION_FORMAT = dwarf;
				ENABLE_STRICT_OBJC_MSGSEND = YES;
				ENABLE_TESTABILITY = YES;
				GCC_C_LANGUAGE_STANDARD = gnu11;
				GCC_DYNAMIC_NO_PIC = NO;
				GCC_NO_COMMON_BLOCKS = YES;
				GCC_OPTIMIZATION_LEVEL = 0;
				GCC_PREPROCESSOR_DEFINITIONS = (
					"DEBUG=1",
					"$(inherited)",
				);
				GCC_WARN_64_TO_32_BIT_CONVERSION = YES;
				GCC_WARN_ABOUT_RETURN_TYPE = YES_ERROR;
				GCC_WARN_UNDECLARED_SELECTOR = YES;
				GCC_WARN_UNINITIALIZED_AUTOS = YES_AGGRESSIVE;
				GCC_WARN_UNUSED_FUNCTION = YES;
				GCC_WARN_UNUSED_VARIABLE = YES;
				IPHONEOS_DEPLOYMENT_TARGET = 11.0;
				MTL_ENABLE_DEBUG_INFO = YES;
				ONLY_ACTIVE_ARCH = YES;
				SDKROOT = iphoneos;
				SWIFT_ACTIVE_COMPILATION_CONDITIONS = DEBUG;
				SWIFT_OPTIMIZATION_LEVEL = "-Onone";
			};
			name = Debug;
		};
		20E5DC521F86707F00C1BC78 /* Release */ = {
			isa = XCBuildConfiguration;
			buildSettings = {
				ALWAYS_SEARCH_USER_PATHS = NO;
				CLANG_ANALYZER_NONNULL = YES;
				CLANG_ANALYZER_NUMBER_OBJECT_CONVERSION = YES_AGGRESSIVE;
				CLANG_CXX_LANGUAGE_STANDARD = "gnu++14";
				CLANG_CXX_LIBRARY = "libc++";
				CLANG_ENABLE_MODULES = YES;
				CLANG_ENABLE_OBJC_ARC = YES;
				CLANG_WARN_BLOCK_CAPTURE_AUTORELEASING = YES;
				CLANG_WARN_BOOL_CONVERSION = YES;
				CLANG_WARN_COMMA = YES;
				CLANG_WARN_CONSTANT_CONVERSION = YES;
				CLANG_WARN_DIRECT_OBJC_ISA_USAGE = YES_ERROR;
				CLANG_WARN_DOCUMENTATION_COMMENTS = YES;
				CLANG_WARN_EMPTY_BODY = YES;
				CLANG_WARN_ENUM_CONVERSION = YES;
				CLANG_WARN_INFINITE_RECURSION = YES;
				CLANG_WARN_INT_CONVERSION = YES;
				CLANG_WARN_NON_LITERAL_NULL_CONVERSION = YES;
				CLANG_WARN_OBJC_LITERAL_CONVERSION = YES;
				CLANG_WARN_OBJC_ROOT_CLASS = YES_ERROR;
				CLANG_WARN_RANGE_LOOP_ANALYSIS = YES;
				CLANG_WARN_STRICT_PROTOTYPES = YES;
				CLANG_WARN_SUSPICIOUS_MOVE = YES;
				CLANG_WARN_UNGUARDED_AVAILABILITY = YES_AGGRESSIVE;
				CLANG_WARN_UNREACHABLE_CODE = YES;
				CLANG_WARN__DUPLICATE_METHOD_MATCH = YES;
				CODE_SIGN_IDENTITY = "iPhone Developer";
				COPY_PHASE_STRIP = NO;
				DEBUG_INFORMATION_FORMAT = "dwarf-with-dsym";
				ENABLE_NS_ASSERTIONS = NO;
				ENABLE_STRICT_OBJC_MSGSEND = YES;
				GCC_C_LANGUAGE_STANDARD = gnu11;
				GCC_NO_COMMON_BLOCKS = YES;
				GCC_WARN_64_TO_32_BIT_CONVERSION = YES;
				GCC_WARN_ABOUT_RETURN_TYPE = YES_ERROR;
				GCC_WARN_UNDECLARED_SELECTOR = YES;
				GCC_WARN_UNINITIALIZED_AUTOS = YES_AGGRESSIVE;
				GCC_WARN_UNUSED_FUNCTION = YES;
				GCC_WARN_UNUSED_VARIABLE = YES;
				IPHONEOS_DEPLOYMENT_TARGET = 11.0;
				MTL_ENABLE_DEBUG_INFO = NO;
				SDKROOT = iphoneos;
				SWIFT_OPTIMIZATION_LEVEL = "-Owholemodule";
				VALIDATE_PRODUCT = YES;
			};
			name = Release;
		};
		20E5DC541F86707F00C1BC78 /* Debug */ = {
			isa = XCBuildConfiguration;
			buildSettings = {
				ALWAYS_EMBED_SWIFT_STANDARD_LIBRARIES = YES;
				ASSETCATALOG_COMPILER_APPICON_NAME = AppIcon;
				CODE_SIGN_ENTITLEMENTS = "CoderKeyboard-Devslopes/CoderKeyboard-Devslopes.entitlements";
				CODE_SIGN_STYLE = Automatic;
				DEVELOPMENT_TEAM = QYKF54APFV;
				INFOPLIST_FILE = "CoderKeyboard-Devslopes/Info.plist";
				LD_RUNPATH_SEARCH_PATHS = "$(inherited) @executable_path/Frameworks";
				PRODUCT_BUNDLE_IDENTIFIER = "com.hoffman.CoderKeyboard-Devslopes";
				PRODUCT_NAME = "$(TARGET_NAME)";
				SWIFT_VERSION = 4.0;
				TARGETED_DEVICE_FAMILY = "1,2";
			};
			name = Debug;
		};
		20E5DC551F86707F00C1BC78 /* Release */ = {
			isa = XCBuildConfiguration;
			buildSettings = {
				ALWAYS_EMBED_SWIFT_STANDARD_LIBRARIES = YES;
				ASSETCATALOG_COMPILER_APPICON_NAME = AppIcon;
				CODE_SIGN_ENTITLEMENTS = "CoderKeyboard-Devslopes/CoderKeyboard-Devslopes.entitlements";
				CODE_SIGN_STYLE = Automatic;
				DEVELOPMENT_TEAM = QYKF54APFV;
				INFOPLIST_FILE = "CoderKeyboard-Devslopes/Info.plist";
				LD_RUNPATH_SEARCH_PATHS = "$(inherited) @executable_path/Frameworks";
				PRODUCT_BUNDLE_IDENTIFIER = "com.hoffman.CoderKeyboard-Devslopes";
				PRODUCT_NAME = "$(TARGET_NAME)";
				SWIFT_VERSION = 4.0;
				TARGETED_DEVICE_FAMILY = "1,2";
			};
			name = Release;
		};
		20E5DC631F867AE500C1BC78 /* Debug */ = {
			isa = XCBuildConfiguration;
			buildSettings = {
				CODE_SIGN_ENTITLEMENTS = CoderKeyboard/CoderKeyboard.entitlements;
				CODE_SIGN_STYLE = Automatic;
				DEVELOPMENT_TEAM = QYKF54APFV;
				INFOPLIST_FILE = CoderKeyboard/Info.plist;
				LD_RUNPATH_SEARCH_PATHS = "$(inherited) @executable_path/Frameworks @executable_path/../../Frameworks";
				ONLY_ACTIVE_ARCH = YES;
				PRODUCT_BUNDLE_IDENTIFIER = "com.hoffman.CoderKeyboard-Devslopes.CoderKeyboard";
				PRODUCT_NAME = "$(TARGET_NAME)";
				SKIP_INSTALL = YES;
				SWIFT_VERSION = 4.0;
				TARGETED_DEVICE_FAMILY = "1,2";
			};
			name = Debug;
		};
		20E5DC641F867AE500C1BC78 /* Release */ = {
			isa = XCBuildConfiguration;
			buildSettings = {
				CODE_SIGN_ENTITLEMENTS = CoderKeyboard/CoderKeyboard.entitlements;
				CODE_SIGN_STYLE = Automatic;
				DEVELOPMENT_TEAM = QYKF54APFV;
				INFOPLIST_FILE = CoderKeyboard/Info.plist;
				LD_RUNPATH_SEARCH_PATHS = "$(inherited) @executable_path/Frameworks @executable_path/../../Frameworks";
				ONLY_ACTIVE_ARCH = NO;
				PRODUCT_BUNDLE_IDENTIFIER = "com.hoffman.CoderKeyboard-Devslopes.CoderKeyboard";
				PRODUCT_NAME = "$(TARGET_NAME)";
				SKIP_INSTALL = YES;
				SWIFT_VERSION = 4.0;
				TARGETED_DEVICE_FAMILY = "1,2";
			};
			name = Release;
		};
/* End XCBuildConfiguration section */

/* Begin XCConfigurationList section */
		20E5DC3C1F86707F00C1BC78 /* Build configuration list for PBXProject "CoderKeyboard-Devslopes" */ = {
			isa = XCConfigurationList;
			buildConfigurations = (
				20E5DC511F86707F00C1BC78 /* Debug */,
				20E5DC521F86707F00C1BC78 /* Release */,
			);
			defaultConfigurationIsVisible = 0;
			defaultConfigurationName = Debug;
		};
		20E5DC531F86707F00C1BC78 /* Build configuration list for PBXNativeTarget "CoderKeyboard-Devslopes" */ = {
			isa = XCConfigurationList;
			buildConfigurations = (
				20E5DC541F86707F00C1BC78 /* Debug */,
				20E5DC551F86707F00C1BC78 /* Release */,
			);
			defaultConfigurationIsVisible = 0;
			defaultConfigurationName = Debug;
		};
		20E5DC621F867AE500C1BC78 /* Build configuration list for PBXNativeTarget "CoderKeyboard" */ = {
			isa = XCConfigurationList;
			buildConfigurations = (
				20E5DC631F867AE500C1BC78 /* Debug */,
				20E5DC641F867AE500C1BC78 /* Release */,
			);
			defaultConfigurationIsVisible = 0;
			defaultConfigurationName = Debug;
		};
/* End XCConfigurationList section */
	};
	rootObject = 20E5DC391F86707F00C1BC78 /* Project object */;
}
